
Microsoft Visual Studio Solution File, Format Version 12.00
# Visual Studio Version 16
VisualStudioVersion = 16.0.29709.97
MinimumVisualStudioVersion = 10.0.40219.1
Project("{FAE04EC0-301F-11D3-BF4B-00C04F79EFBC}") = "Piramid Slide Down", "Piramid Slide Down\Piramid Slide Down.csproj", "{C5C80476-AE7F-4490-8E47-0B55277A5B7F}"
EndProject
Global
	GlobalSection(SolutionConfigurationPlatforms) = preSolution
		Debug|Any CPU = Debug|Any CPU
		Release|Any CPU = Release|Any CPU
	EndGlobalSection
	GlobalSection(ProjectConfigurationPlatforms) = postSolution
		{C5C80476-AE7F-4490-8E47-0B55277A5B7F}.Debug|Any CPU.ActiveCfg = Debug|Any CPU
		{C5C80476-AE7F-4490-8E47-0B55277A5B7F}.Debug|Any CPU.Build.0 = Debug|Any CPU
		{C5C80476-AE7F-4490-8E47-0B55277A5B7F}.Release|Any CPU.ActiveCfg = Release|Any CPU
		{C5C80476-AE7F-4490-8E47-0B55277A5B7F}.Release|Any CPU.Build.0 = Release|Any CPU
	EndGlobalSection
	GlobalSection(SolutionProperties) = preSolution
		HideSolutionNode = FALSE
	EndGlobalSection
	GlobalSection(ExtensibilityGlobals) = postSolution
		SolutionGuid = {F848C655-AAB8-4471-B71C-53921A4442D9}
	EndGlobalSection
EndGlobal
