
Microsoft Visual Studio Solution File, Format Version 12.00
# Visual Studio Version 16
VisualStudioVersion = 16.0.29911.84
MinimumVisualStudioVersion = 10.0.40219.1
Project("{FAE04EC0-301F-11D3-BF4B-00C04F79EFBC}") = "Human Readeable Duration Format", "Human Readeable Duration Format\Human Readeable Duration Format.csproj", "{FFC9848E-0B3C-4F60-BEDE-56CEA366257F}"
EndProject
Global
	GlobalSection(SolutionConfigurationPlatforms) = preSolution
		Debug|Any CPU = Debug|Any CPU
		Release|Any CPU = Release|Any CPU
	EndGlobalSection
	GlobalSection(ProjectConfigurationPlatforms) = postSolution
		{FFC9848E-0B3C-4F60-BEDE-56CEA366257F}.Debug|Any CPU.ActiveCfg = Debug|Any CPU
		{FFC9848E-0B3C-4F60-BEDE-56CEA366257F}.Debug|Any CPU.Build.0 = Debug|Any CPU
		{FFC9848E-0B3C-4F60-BEDE-56CEA366257F}.Release|Any CPU.ActiveCfg = Release|Any CPU
		{FFC9848E-0B3C-4F60-BEDE-56CEA366257F}.Release|Any CPU.Build.0 = Release|Any CPU
	EndGlobalSection
	GlobalSection(SolutionProperties) = preSolution
		HideSolutionNode = FALSE
	EndGlobalSection
	GlobalSection(ExtensibilityGlobals) = postSolution
		SolutionGuid = {C02C4994-105D-4FAF-BE28-1B350B5F8C8F}
	EndGlobalSection
EndGlobal
